
Microsoft Visual Studio Solution File, Format Version 12.00
# Visual Studio 15
VisualStudioVersion = 15.0.28307.1022
MinimumVisualStudioVersion = 10.0.40219.1
Project("{FAE04EC0-301F-11D3-BF4B-00C04F79EFBC}") = "Sistema-Igreja", "Sistema-Igreja\Sistema-Igreja.csproj", "{8EBE066D-3A20-45E7-9019-9F53497E7461}"
EndProject
Global
	GlobalSection(SolutionConfigurationPlatforms) = preSolution
		Debug|Any CPU = Debug|Any CPU
		Release|Any CPU = Release|Any CPU
	EndGlobalSection
	GlobalSection(ProjectConfigurationPlatforms) = postSolution
		{8EBE066D-3A20-45E7-9019-9F53497E7461}.Debug|Any CPU.ActiveCfg = Debug|Any CPU
		{8EBE066D-3A20-45E7-9019-9F53497E7461}.Debug|Any CPU.Build.0 = Debug|Any CPU
		{8EBE066D-3A20-45E7-9019-9F53497E7461}.Release|Any CPU.ActiveCfg = Release|Any CPU
		{8EBE066D-3A20-45E7-9019-9F53497E7461}.Release|Any CPU.Build.0 = Release|Any CPU
	EndGlobalSection
	GlobalSection(SolutionProperties) = preSolution
		HideSolutionNode = FALSE
	EndGlobalSection
	GlobalSection(ExtensibilityGlobals) = postSolution
		SolutionGuid = {F56D3CDF-5707-4760-B447-F3FC5F40C0E4}
	EndGlobalSection
EndGlobal
